// !$*UTF8*$!
{
	archiveVersion = 1;
	classes = {
	};
	objectVersion = 46;
	objects = {

/* Begin PBXBuildFile section */
		53C460F91AED6780004BE0FA /* LinkViewController.swift in Sources */ = {isa = PBXBuildFile; fileRef = 53C460F81AED6780004BE0FA /* LinkViewController.swift */; };
		53ED5E5A1AEC0EF500E52B4E /* Main.storyboard in Resources */ = {isa = PBXBuildFile; fileRef = 53ED5E581AEC0EF500E52B4E /* Main.storyboard */; };
		53ED5E5C1AEC102C00E52B4E /* DetailViewController.swift in Sources */ = {isa = PBXBuildFile; fileRef = 53ED5E5B1AEC102C00E52B4E /* DetailViewController.swift */; };
		53ED5E5E1AEC579200E52B4E /* seanchen.json in Resources */ = {isa = PBXBuildFile; fileRef = 53ED5E5D1AEC579200E52B4E /* seanchen.json */; };
		53F843151AEB621200FACD3C /* AppDelegate.swift in Sources */ = {isa = PBXBuildFile; fileRef = 53F843141AEB621200FACD3C /* AppDelegate.swift */; };
		53F843171AEB621200FACD3C /* ViewController.swift in Sources */ = {isa = PBXBuildFile; fileRef = 53F843161AEB621200FACD3C /* ViewController.swift */; };
		53F8431C1AEB621200FACD3C /* Images.xcassets in Resources */ = {isa = PBXBuildFile; fileRef = 53F8431B1AEB621200FACD3C /* Images.xcassets */; };
		53F8431F1AEB621200FACD3C /* LaunchScreen.xib in Resources */ = {isa = PBXBuildFile; fileRef = 53F8431D1AEB621200FACD3C /* LaunchScreen.xib */; };
		53F8432B1AEB621200FACD3C /* SeanChenTests.swift in Sources */ = {isa = PBXBuildFile; fileRef = 53F8432A1AEB621200FACD3C /* SeanChenTests.swift */; };
/* End PBXBuildFile section */

/* Begin PBXContainerItemProxy section */
		53F843251AEB621200FACD3C /* PBXContainerItemProxy */ = {
			isa = PBXContainerItemProxy;
			containerPortal = 53F843071AEB621200FACD3C /* Project object */;
			proxyType = 1;
			remoteGlobalIDString = 53F8430E1AEB621200FACD3C;
			remoteInfo = SeanChen;
		};
/* End PBXContainerItemProxy section */

/* Begin PBXFileReference section */
		53C460F81AED6780004BE0FA /* LinkViewController.swift */ = {isa = PBXFileReference; fileEncoding = 4; lastKnownFileType = sourcecode.swift; path = LinkViewController.swift; sourceTree = "<group>"; };
		53ED5E591AEC0EF500E52B4E /* Base */ = {isa = PBXFileReference; lastKnownFileType = file.storyboard; name = Base; path = Base.lproj/Main.storyboard; sourceTree = "<group>"; };
		53ED5E5B1AEC102C00E52B4E /* DetailViewController.swift */ = {isa = PBXFileReference; fileEncoding = 4; lastKnownFileType = sourcecode.swift; path = DetailViewController.swift; sourceTree = "<group>"; };
		53ED5E5D1AEC579200E52B4E /* seanchen.json */ = {isa = PBXFileReference; fileEncoding = 4; lastKnownFileType = text.json; path = seanchen.json; sourceTree = "<group>"; };
		53F8430F1AEB621200FACD3C /* SeanChen.app */ = {isa = PBXFileReference; explicitFileType = wrapper.application; includeInIndex = 0; path = SeanChen.app; sourceTree = BUILT_PRODUCTS_DIR; };
		53F843131AEB621200FACD3C /* Info.plist */ = {isa = PBXFileReference; lastKnownFileType = text.plist.xml; path = Info.plist; sourceTree = "<group>"; };
		53F843141AEB621200FACD3C /* AppDelegate.swift */ = {isa = PBXFileReference; lastKnownFileType = sourcecode.swift; path = AppDelegate.swift; sourceTree = "<group>"; };
		53F843161AEB621200FACD3C /* ViewController.swift */ = {isa = PBXFileReference; lastKnownFileType = sourcecode.swift; path = ViewController.swift; sourceTree = "<group>"; };
		53F8431B1AEB621200FACD3C /* Images.xcassets */ = {isa = PBXFileReference; lastKnownFileType = folder.assetcatalog; path = Images.xcassets; sourceTree = "<group>"; };
		53F8431E1AEB621200FACD3C /* Base */ = {isa = PBXFileReference; lastKnownFileType = file.xib; name = Base; path = Base.lproj/LaunchScreen.xib; sourceTree = "<group>"; };
		53F843241AEB621200FACD3C /* SeanChenTests.xctest */ = {isa = PBXFileReference; explicitFileType = wrapper.cfbundle; includeInIndex = 0; path = SeanChenTests.xctest; sourceTree = BUILT_PRODUCTS_DIR; };
		53F843291AEB621200FACD3C /* Info.plist */ = {isa = PBXFileReference; lastKnownFileType = text.plist.xml; path = Info.plist; sourceTree = "<group>"; };
		53F8432A1AEB621200FACD3C /* SeanChenTests.swift */ = {isa = PBXFileReference; lastKnownFileType = sourcecode.swift; path = SeanChenTests.swift; sourceTree = "<group>"; };
/* End PBXFileReference section */

/* Begin PBXFrameworksBuildPhase section */
		53F8430C1AEB621200FACD3C /* Frameworks */ = {
			isa = PBXFrameworksBuildPhase;
			buildActionMask = 2147483647;
			files = (
			);
			runOnlyForDeploymentPostprocessing = 0;
		};
		53F843211AEB621200FACD3C /* Frameworks */ = {
			isa = PBXFrameworksBuildPhase;
			buildActionMask = 2147483647;
			files = (
			);
			runOnlyForDeploymentPostprocessing = 0;
		};
/* End PBXFrameworksBuildPhase section */

/* Begin PBXGroup section */
		53F843061AEB621200FACD3C = {
			isa = PBXGroup;
			children = (
				53F843111AEB621200FACD3C /* SeanChen */,
				53F843271AEB621200FACD3C /* SeanChenTests */,
				53F843101AEB621200FACD3C /* Products */,
			);
			sourceTree = "<group>";
		};
		53F843101AEB621200FACD3C /* Products */ = {
			isa = PBXGroup;
			children = (
				53F8430F1AEB621200FACD3C /* SeanChen.app */,
				53F843241AEB621200FACD3C /* SeanChenTests.xctest */,
			);
			name = Products;
			sourceTree = "<group>";
		};
		53F843111AEB621200FACD3C /* SeanChen */ = {
			isa = PBXGroup;
			children = (
				53F843141AEB621200FACD3C /* AppDelegate.swift */,
				53F843161AEB621200FACD3C /* ViewController.swift */,
				53ED5E5B1AEC102C00E52B4E /* DetailViewController.swift */,
				53C460F81AED6780004BE0FA /* LinkViewController.swift */,
				53ED5E581AEC0EF500E52B4E /* Main.storyboard */,
				53F8431B1AEB621200FACD3C /* Images.xcassets */,
				53F8431D1AEB621200FACD3C /* LaunchScreen.xib */,
				53F843121AEB621200FACD3C /* Supporting Files */,
			);
			path = SeanChen;
			sourceTree = "<group>";
		};
		53F843121AEB621200FACD3C /* Supporting Files */ = {
			isa = PBXGroup;
			children = (
				53ED5E5D1AEC579200E52B4E /* seanchen.json */,
				53F843131AEB621200FACD3C /* Info.plist */,
			);
			name = "Supporting Files";
			sourceTree = "<group>";
		};
		53F843271AEB621200FACD3C /* SeanChenTests */ = {
			isa = PBXGroup;
			children = (
				53F8432A1AEB621200FACD3C /* SeanChenTests.swift */,
				53F843281AEB621200FACD3C /* Supporting Files */,
			);
			path = SeanChenTests;
			sourceTree = "<group>";
		};
		53F843281AEB621200FACD3C /* Supporting Files */ = {
			isa = PBXGroup;
			children = (
				53F843291AEB621200FACD3C /* Info.plist */,
			);
			name = "Supporting Files";
			sourceTree = "<group>";
		};
/* End PBXGroup section */

/* Begin PBXNativeTarget section */
		53F8430E1AEB621200FACD3C /* SeanChen */ = {
			isa = PBXNativeTarget;
			buildConfigurationList = 53F8432E1AEB621200FACD3C /* Build configuration list for PBXNativeTarget "SeanChen" */;
			buildPhases = (
				53F8430B1AEB621200FACD3C /* Sources */,
				53F8430C1AEB621200FACD3C /* Frameworks */,
				53F8430D1AEB621200FACD3C /* Resources */,
			);
			buildRules = (
			);
			dependencies = (
			);
			name = SeanChen;
			productName = SeanChen;
			productReference = 53F8430F1AEB621200FACD3C /* SeanChen.app */;
			productType = "com.apple.product-type.application";
		};
		53F843231AEB621200FACD3C /* SeanChenTests */ = {
			isa = PBXNativeTarget;
			buildConfigurationList = 53F843311AEB621200FACD3C /* Build configuration list for PBXNativeTarget "SeanChenTests" */;
			buildPhases = (
				53F843201AEB621200FACD3C /* Sources */,
				53F843211AEB621200FACD3C /* Frameworks */,
				53F843221AEB621200FACD3C /* Resources */,
			);
			buildRules = (
			);
			dependencies = (
				53F843261AEB621200FACD3C /* PBXTargetDependency */,
			);
			name = SeanChenTests;
			productName = SeanChenTests;
			productReference = 53F843241AEB621200FACD3C /* SeanChenTests.xctest */;
			productType = "com.apple.product-type.bundle.unit-test";
		};
/* End PBXNativeTarget section */

/* Begin PBXProject section */
		53F843071AEB621200FACD3C /* Project object */ = {
			isa = PBXProject;
			attributes = {
				LastUpgradeCheck = 0630;
				ORGANIZATIONNAME = DCMeisterApps;
				TargetAttributes = {
					53F8430E1AEB621200FACD3C = {
						CreatedOnToolsVersion = 6.3.1;
					};
					53F843231AEB621200FACD3C = {
						CreatedOnToolsVersion = 6.3.1;
						TestTargetID = 53F8430E1AEB621200FACD3C;
					};
				};
			};
			buildConfigurationList = 53F8430A1AEB621200FACD3C /* Build configuration list for PBXProject "SeanChen" */;
			compatibilityVersion = "Xcode 3.2";
			developmentRegion = English;
			hasScannedForEncodings = 0;
			knownRegions = (
				en,
				Base,
			);
			mainGroup = 53F843061AEB621200FACD3C;
			productRefGroup = 53F843101AEB621200FACD3C /* Products */;
			projectDirPath = "";
			projectRoot = "";
			targets = (
				53F8430E1AEB621200FACD3C /* SeanChen */,
				53F843231AEB621200FACD3C /* SeanChenTests */,
			);
		};
/* End PBXProject section */

/* Begin PBXResourcesBuildPhase section */
		53F8430D1AEB621200FACD3C /* Resources */ = {
			isa = PBXResourcesBuildPhase;
			buildActionMask = 2147483647;
			files = (
				53ED5E5A1AEC0EF500E52B4E /* Main.storyboard in Resources */,
				53F8431F1AEB621200FACD3C /* LaunchScreen.xib in Resources */,
				53ED5E5E1AEC579200E52B4E /* seanchen.json in Resources */,
				53F8431C1AEB621200FACD3C /* Images.xcassets in Resources */,
			);
			runOnlyForDeploymentPostprocessing = 0;
		};
		53F843221AEB621200FACD3C /* Resources */ = {
			isa = PBXResourcesBuildPhase;
			buildActionMask = 2147483647;
			files = (
			);
			runOnlyForDeploymentPostprocessing = 0;
		};
/* End PBXResourcesBuildPhase section */

/* Begin PBXSourcesBuildPhase section */
		53F8430B1AEB621200FACD3C /* Sources */ = {
			isa = PBXSourcesBuildPhase;
			buildActionMask = 2147483647;
			files = (
				53ED5E5C1AEC102C00E52B4E /* DetailViewController.swift in Sources */,
				53F843171AEB621200FACD3C /* ViewController.swift in Sources */,
				53F843151AEB621200FACD3C /* AppDelegate.swift in Sources */,
				53C460F91AED6780004BE0FA /* LinkViewController.swift in Sources */,
			);
			runOnlyForDeploymentPostprocessing = 0;
		};
		53F843201AEB621200FACD3C /* Sources */ = {
			isa = PBXSourcesBuildPhase;
			buildActionMask = 2147483647;
			files = (
				53F8432B1AEB621200FACD3C /* SeanChenTests.swift in Sources */,
			);
			runOnlyForDeploymentPostprocessing = 0;
		};
/* End PBXSourcesBuildPhase section */

/* Begin PBXTargetDependency section */
		53F843261AEB621200FACD3C /* PBXTargetDependency */ = {
			isa = PBXTargetDependency;
			target = 53F8430E1AEB621200FACD3C /* SeanChen */;
			targetProxy = 53F843251AEB621200FACD3C /* PBXContainerItemProxy */;
		};
/* End PBXTargetDependency section */

/* Begin PBXVariantGroup section */
		53ED5E581AEC0EF500E52B4E /* Main.storyboard */ = {
			isa = PBXVariantGroup;
			children = (
				53ED5E591AEC0EF500E52B4E /* Base */,
			);
			name = Main.storyboard;
			sourceTree = "<group>";
		};
		53F8431D1AEB621200FACD3C /* LaunchScreen.xib */ = {
			isa = PBXVariantGroup;
			children = (
				53F8431E1AEB621200FACD3C /* Base */,
			);
			name = LaunchScreen.xib;
			sourceTree = "<group>";
		};
/* End PBXVariantGroup section */

/* Begin XCBuildConfiguration section */
		53F8432C1AEB621200FACD3C /* Debug */ = {
			isa = XCBuildConfiguration;
			buildSettings = {
				ALWAYS_SEARCH_USER_PATHS = NO;
				CLANG_CXX_LANGUAGE_STANDARD = "gnu++0x";
				CLANG_CXX_LIBRARY = "libc++";
				CLANG_ENABLE_MODULES = YES;
				CLANG_ENABLE_OBJC_ARC = YES;
				CLANG_WARN_BOOL_CONVERSION = YES;
				CLANG_WARN_CONSTANT_CONVERSION = YES;
				CLANG_WARN_DIRECT_OBJC_ISA_USAGE = YES_ERROR;
				CLANG_WARN_EMPTY_BODY = YES;
				CLANG_WARN_ENUM_CONVERSION = YES;
				CLANG_WARN_INT_CONVERSION = YES;
				CLANG_WARN_OBJC_ROOT_CLASS = YES_ERROR;
				CLANG_WARN_UNREACHABLE_CODE = YES;
				CLANG_WARN__DUPLICATE_METHOD_MATCH = YES;
				"CODE_SIGN_IDENTITY[sdk=iphoneos*]" = "iPhone Developer";
				COPY_PHASE_STRIP = NO;
				DEBUG_INFORMATION_FORMAT = "dwarf-with-dsym";
				ENABLE_STRICT_OBJC_MSGSEND = YES;
				GCC_C_LANGUAGE_STANDARD = gnu99;
				GCC_DYNAMIC_NO_PIC = NO;
				GCC_NO_COMMON_BLOCKS = YES;
				GCC_OPTIMIZATION_LEVEL = 0;
				GCC_PREPROCESSOR_DEFINITIONS = (
					"DEBUG=1",
					"$(inherited)",
				);
				GCC_SYMBOLS_PRIVATE_EXTERN = NO;
				GCC_WARN_64_TO_32_BIT_CONVERSION = YES;
				GCC_WARN_ABOUT_RETURN_TYPE = YES_ERROR;
				GCC_WARN_UNDECLARED_SELECTOR = YES;
				GCC_WARN_UNINITIALIZED_AUTOS = YES_AGGRESSIVE;
				GCC_WARN_UNUSED_FUNCTION = YES;
				GCC_WARN_UNUSED_VARIABLE = YES;
				IPHONEOS_DEPLOYMENT_TARGET = 8.3;
				MTL_ENABLE_DEBUG_INFO = YES;
				ONLY_ACTIVE_ARCH = YES;
				SDKROOT = iphoneos;
				SWIFT_OPTIMIZATION_LEVEL = "-Onone";
			};
			name = Debug;
		};
		53F8432D1AEB621200FACD3C /* Release */ = {
			isa = XCBuildConfiguration;
			buildSettings = {
				ALWAYS_SEARCH_USER_PATHS = NO;
				CLANG_CXX_LANGUAGE_STANDARD = "gnu++0x";
				CLANG_CXX_LIBRARY = "libc++";
				CLANG_ENABLE_MODULES = YES;
				CLANG_ENABLE_OBJC_ARC = YES;
				CLANG_WARN_BOOL_CONVERSION = YES;
				CLANG_WARN_CONSTANT_CONVERSION = YES;
				CLANG_WARN_DIRECT_OBJC_ISA_USAGE = YES_ERROR;
				CLANG_WARN_EMPTY_BODY = YES;
				CLANG_WARN_ENUM_CONVERSION = YES;
				CLANG_WARN_INT_CONVERSION = YES;
				CLANG_WARN_OBJC_ROOT_CLASS = YES_ERROR;
				CLANG_WARN_UNREACHABLE_CODE = YES;
				CLANG_WARN__DUPLICATE_METHOD_MATCH = YES;
				"CODE_SIGN_IDENTITY[sdk=iphoneos*]" = "iPhone Developer";
				COPY_PHASE_STRIP = NO;
				DEBUG_INFORMATION_FORMAT = "dwarf-with-dsym";
				ENABLE_NS_ASSERTIONS = NO;
				ENABLE_STRICT_OBJC_MSGSEND = YES;
				GCC_C_LANGUAGE_STANDARD = gnu99;
				GCC_NO_COMMON_BLOCKS = YES;
				GCC_WARN_64_TO_32_BIT_CONVERSION = YES;
				GCC_WARN_ABOUT_RETURN_TYPE = YES_ERROR;
				GCC_WARN_UNDECLARED_SELECTOR = YES;
				GCC_WARN_UNINITIALIZED_AUTOS = YES_AGGRESSIVE;
				GCC_WARN_UNUSED_FUNCTION = YES;
				GCC_WARN_UNUSED_VARIABLE = YES;
				IPHONEOS_DEPLOYMENT_TARGET = 8.3;
				MTL_ENABLE_DEBUG_INFO = NO;
				SDKROOT = iphoneos;
				VALIDATE_PRODUCT = YES;
			};
			name = Release;
		};
		53F8432F1AEB621200FACD3C /* Debug */ = {
			isa = XCBuildConfiguration;
			buildSettings = {
				ASSETCATALOG_COMPILER_APPICON_NAME = AppIcon;
				INFOPLIST_FILE = SeanChen/Info.plist;
				LD_RUNPATH_SEARCH_PATHS = "$(inherited) @executable_path/Frameworks";
				PRODUCT_NAME = "$(TARGET_NAME)";
			};
			name = Debug;
		};
		53F843301AEB621200FACD3C /* Release */ = {
			isa = XCBuildConfiguration;
			buildSettings = {
				ASSETCATALOG_COMPILER_APPICON_NAME = AppIcon;
				INFOPLIST_FILE = SeanChen/Info.plist;
				LD_RUNPATH_SEARCH_PATHS = "$(inherited) @executable_path/Frameworks";
				PRODUCT_NAME = "$(TARGET_NAME)";
			};
			name = Release;
		};
		53F843321AEB621200FACD3C /* Debug */ = {
			isa = XCBuildConfiguration;
			buildSettings = {
				BUNDLE_LOADER = "$(TEST_HOST)";
				FRAMEWORK_SEARCH_PATHS = (
					"$(SDKROOT)/Developer/Library/Frameworks",
					"$(inherited)",
				);
				GCC_PREPROCESSOR_DEFINITIONS = (
					"DEBUG=1",
					"$(inherited)",
				);
				INFOPLIST_FILE = SeanChenTests/Info.plist;
				LD_RUNPATH_SEARCH_PATHS = "$(inherited) @executable_path/Frameworks @loader_path/Frameworks";
				PRODUCT_NAME = "$(TARGET_NAME)";
				TEST_HOST = "$(BUILT_PRODUCTS_DIR)/SeanChen.app/SeanChen";
			};
			name = Debug;
		};
		53F843331AEB621200FACD3C /* Release */ = {
			isa = XCBuildConfiguration;
			buildSettings = {
				BUNDLE_LOADER = "$(TEST_HOST)";
				FRAMEWORK_SEARCH_PATHS = (
					"$(SDKROOT)/Developer/Library/Frameworks",
					"$(inherited)",
				);
				INFOPLIST_FILE = SeanChenTests/Info.plist;
				LD_RUNPATH_SEARCH_PATHS = "$(inherited) @executable_path/Frameworks @loader_path/Frameworks";
				PRODUCT_NAME = "$(TARGET_NAME)";
				TEST_HOST = "$(BUILT_PRODUCTS_DIR)/SeanChen.app/SeanChen";
			};
			name = Release;
		};
/* End XCBuildConfiguration section */

/* Begin XCConfigurationList section */
		53F8430A1AEB621200FACD3C /* Build configuration list for PBXProject "SeanChen" */ = {
			isa = XCConfigurationList;
			buildConfigurations = (
				53F8432C1AEB621200FACD3C /* Debug */,
				53F8432D1AEB621200FACD3C /* Release */,
			);
			defaultConfigurationIsVisible = 0;
			defaultConfigurationName = Release;
		};
		53F8432E1AEB621200FACD3C /* Build configuration list for PBXNativeTarget "SeanChen" */ = {
			isa = XCConfigurationList;
			buildConfigurations = (
				53F8432F1AEB621200FACD3C /* Debug */,
				53F843301AEB621200FACD3C /* Release */,
			);
			defaultConfigurationIsVisible = 0;
			defaultConfigurationName = Release;
		};
		53F843311AEB621200FACD3C /* Build configuration list for PBXNativeTarget "SeanChenTests" */ = {
			isa = XCConfigurationList;
			buildConfigurations = (
				53F843321AEB621200FACD3C /* Debug */,
				53F843331AEB621200FACD3C /* Release */,
			);
			defaultConfigurationIsVisible = 0;
			defaultConfigurationName = Release;
		};
/* End XCConfigurationList section */
	};
	rootObject = 53F843071AEB621200FACD3C /* Project object */;
}
